
Microsoft Visual Studio Solution File, Format Version 12.00
# Visual Studio 15
VisualStudioVersion = 15.0.27130.2010
MinimumVisualStudioVersion = 10.0.40219.1
Project("{FAE04EC0-301F-11D3-BF4B-00C04F79EFBC}") = "InstaDesktop", "InstaDesktop\InstaDesktop.csproj", "{8BED35C5-7ACF-48D7-96AC-C5F2D3DCF51E}"
EndProject
Project("{FAE04EC0-301F-11D3-BF4B-00C04F79EFBC}") = "InstaDesktop.Filters", "InstaDesktop.Filters\InstaDesktop.Filters.csproj", "{22E5E01D-1877-4A9E-AD1E-9E0FE0A5DF14}"
EndProject
Project("{FAE04EC0-301F-11D3-BF4B-00C04F79EFBC}") = "InstaDesktop.ImageCombobox", "InstaDesktop.ImageCombobox\InstaDesktop.ImageCombobox.csproj", "{65F2997B-49F9-49ED-9CF5-D695B539D752}"
EndProject
Global
	GlobalSection(SolutionConfigurationPlatforms) = preSolution
		Debug|Any CPU = Debug|Any CPU
		Release|Any CPU = Release|Any CPU
	EndGlobalSection
	GlobalSection(ProjectConfigurationPlatforms) = postSolution
		{8BED35C5-7ACF-48D7-96AC-C5F2D3DCF51E}.Debug|Any CPU.ActiveCfg = Debug|Any CPU
		{8BED35C5-7ACF-48D7-96AC-C5F2D3DCF51E}.Debug|Any CPU.Build.0 = Debug|Any CPU
		{8BED35C5-7ACF-48D7-96AC-C5F2D3DCF51E}.Release|Any CPU.ActiveCfg = Release|Any CPU
		{8BED35C5-7ACF-48D7-96AC-C5F2D3DCF51E}.Release|Any CPU.Build.0 = Release|Any CPU
		{22E5E01D-1877-4A9E-AD1E-9E0FE0A5DF14}.Debug|Any CPU.ActiveCfg = Debug|Any CPU
		{22E5E01D-1877-4A9E-AD1E-9E0FE0A5DF14}.Debug|Any CPU.Build.0 = Debug|Any CPU
		{22E5E01D-1877-4A9E-AD1E-9E0FE0A5DF14}.Release|Any CPU.ActiveCfg = Release|Any CPU
		{22E5E01D-1877-4A9E-AD1E-9E0FE0A5DF14}.Release|Any CPU.Build.0 = Release|Any CPU
		{65F2997B-49F9-49ED-9CF5-D695B539D752}.Debug|Any CPU.ActiveCfg = Debug|Any CPU
		{65F2997B-49F9-49ED-9CF5-D695B539D752}.Debug|Any CPU.Build.0 = Debug|Any CPU
		{65F2997B-49F9-49ED-9CF5-D695B539D752}.Release|Any CPU.ActiveCfg = Release|Any CPU
		{65F2997B-49F9-49ED-9CF5-D695B539D752}.Release|Any CPU.Build.0 = Release|Any CPU
	EndGlobalSection
	GlobalSection(SolutionProperties) = preSolution
		HideSolutionNode = FALSE
	EndGlobalSection
	GlobalSection(ExtensibilityGlobals) = postSolution
		SolutionGuid = {5BA81B1C-36F2-46DF-B400-F014C6CD7D9B}
	EndGlobalSection
EndGlobal
